
Microsoft Visual Studio Solution File, Format Version 11.00
# Visual Studio 2010
Project("{FAE04EC0-301F-11D3-BF4B-00C04F79EFBC}") = "Matricies_Multiplication", "Matricies_Multiplication\Matricies_Multiplication.csproj", "{AC64F1D8-5E2F-432D-AADE-E65C246EF6DA}"
EndProject
Global
	GlobalSection(SolutionConfigurationPlatforms) = preSolution
		Debug|x86 = Debug|x86
		Release|x86 = Release|x86
	EndGlobalSection
	GlobalSection(ProjectConfigurationPlatforms) = postSolution
		{AC64F1D8-5E2F-432D-AADE-E65C246EF6DA}.Debug|x86.ActiveCfg = Debug|x86
		{AC64F1D8-5E2F-432D-AADE-E65C246EF6DA}.Debug|x86.Build.0 = Debug|x86
		{AC64F1D8-5E2F-432D-AADE-E65C246EF6DA}.Release|x86.ActiveCfg = Release|x86
		{AC64F1D8-5E2F-432D-AADE-E65C246EF6DA}.Release|x86.Build.0 = Release|x86
	EndGlobalSection
	GlobalSection(SolutionProperties) = preSolution
		HideSolutionNode = FALSE
	EndGlobalSection
EndGlobal
